
Microsoft Visual Studio Solution File, Format Version 12.00
# Visual Studio Version 16
VisualStudioVersion = 16.0.30320.27
MinimumVisualStudioVersion = 10.0.40219.1
Project("{FAE04EC0-301F-11D3-BF4B-00C04F79EFBC}") = "A133590.Ejercicio41", "A133590.Ejercicio41.csproj", "{0D33E432-EC41-4DA0-BDD0-85EFDACA3E08}"
EndProject
Global
	GlobalSection(SolutionConfigurationPlatforms) = preSolution
		Debug|Any CPU = Debug|Any CPU
		Release|Any CPU = Release|Any CPU
	EndGlobalSection
	GlobalSection(ProjectConfigurationPlatforms) = postSolution
		{0D33E432-EC41-4DA0-BDD0-85EFDACA3E08}.Debug|Any CPU.ActiveCfg = Debug|Any CPU
		{0D33E432-EC41-4DA0-BDD0-85EFDACA3E08}.Debug|Any CPU.Build.0 = Debug|Any CPU
		{0D33E432-EC41-4DA0-BDD0-85EFDACA3E08}.Release|Any CPU.ActiveCfg = Release|Any CPU
		{0D33E432-EC41-4DA0-BDD0-85EFDACA3E08}.Release|Any CPU.Build.0 = Release|Any CPU
	EndGlobalSection
	GlobalSection(SolutionProperties) = preSolution
		HideSolutionNode = FALSE
	EndGlobalSection
	GlobalSection(ExtensibilityGlobals) = postSolution
		SolutionGuid = {6E89F8C1-935B-4ECA-AD31-F4C98F0653B4}
	EndGlobalSection
EndGlobal
